{
  "name": "tw5-simple-outline-plugin",
  "version": "0.3.0",
  "lockfileVersion": 3,
  "requires": true,
  "packages": {
    "": {
      "name": "tw5-simple-outline-plugin",
      "version": "0.3.0",
      "license": "MIT",
      "dependencies": {
        "tiddlywiki": "^5.3.8"
      },
      "devDependencies": {
        "semver": "^7.6.3"
      }
    },
    "node_modules/semver": {
      "version": "7.7.4",
      "resolved": "https://registry.npmjs.org/semver/-/semver-7.7.4.tgz",
      "integrity": "sha512-vFKC2IEtQnVhpT78h1Yp8wzwrf8CM+MzKMHGJZfBtzhZNycRFnXsHk6E5TxIkkMsgNS7mdX3AGB7x2QM2di4lA==",
      "dev": true,
      "license": "ISC",
      "bin": {
        "semver": "bin/semver.js"
      },
      "engines": {
        "node": ">=10"
      }
    },
    "node_modules/tiddlywiki": {
      "version": "5.3.8",
      "resolved": "https://registry.npmjs.org/tiddlywiki/-/tiddlywiki-5.3.8.tgz",
      "integrity": "sha512-T25acZfdhAX/lUVPY/9SXo7bMJKgSaMs5PDOb83S2WKbTCD7DnOUQ4aC3qDy0j5XqlCn4ih3mzMWct3xnQx+Mw==",
      "license": "BSD",
      "bin": {
        "tiddlywiki": "tiddlywiki.js"
      },
      "engines": {
        "node": ">=0.8.2"
      }
    }
  }
}
